Microsoft Visual Studio Solution File, Format Version 12.00
# Visual Studio 15
VisualStudioVersion = 15.0.26430.14
MinimumVisualStudioVersion = 10.0.40219.1
Project("{FAE04EC0-301F-11D3-BF4B-00C04F79EFBC}") = "Raas.Standard", "Raas.Standard/Raas.Standard.csproj", "{34e5d09b-956f-46b1-95c4-6849fb5487be}"
EndProject
Project("{FAE04EC0-301F-11D3-BF4B-00C04F79EFBC}") = "Raas.Tests", "Raas.Tests/Raas.Tests.csproj", "{4a93112c-df06-4c33-858e-aabf157efbf6}"
EndProject
Global
    GlobalSection(SolutionConfigurationPlatforms) = preSolution
        Debug|Any CPU = Debug|Any CPU
        Release|Any CPU = Release|Any CPU
    EndGlobalSection
    GlobalSection(ProjectConfigurationPlatforms) = postSolution
        {34e5d09b-956f-46b1-95c4-6849fb5487be}.Debug|Any CPU.ActiveCfg = Debug|Any CPU
        {34e5d09b-956f-46b1-95c4-6849fb5487be}.Debug|Any CPU.Build.0 = Debug|Any CPU
        {34e5d09b-956f-46b1-95c4-6849fb5487be}.Release|Any CPU.ActiveCfg = Release|Any CPU
        {34e5d09b-956f-46b1-95c4-6849fb5487be}.Release|Any CPU.Build.0 = Release|Any CPU
        {4a93112c-df06-4c33-858e-aabf157efbf6}.Debug|Any CPU.ActiveCfg = Debug|Any CPU
        {4a93112c-df06-4c33-858e-aabf157efbf6}.Debug|Any CPU.Build.0 = Debug|Any CPU
        {4a93112c-df06-4c33-858e-aabf157efbf6}.Release|Any CPU.ActiveCfg = Release|Any CPU
        {4a93112c-df06-4c33-858e-aabf157efbf6}.Release|Any CPU.Build.0 = Release|Any CPU
    EndGlobalSection
    GlobalSection(SolutionProperties) = preSolution
        HideSolutionNode = FALSE
    EndGlobalSection
EndGlobal
