Microsoft Visual Studio Solution File, Format Version 12.00
# Visual Studio 15
VisualStudioVersion = 15.0.26430.14
MinimumVisualStudioVersion = 10.0.40219.1
Project("{FAE04EC0-301F-11D3-BF4B-00C04F79EFBC}") = "Raas.Standard", "Raas.Standard/Raas.Standard.csproj", "{03e0e4c6-b3c4-4246-8ac5-51900c82860d}"
EndProject
Project("{FAE04EC0-301F-11D3-BF4B-00C04F79EFBC}") = "Raas.Tests", "Raas.Tests/Raas.Tests.csproj", "{96f2bd1b-d59e-4556-b7e5-eadafdc4ec7b}"
EndProject
Global
    GlobalSection(SolutionConfigurationPlatforms) = preSolution
        Debug|Any CPU = Debug|Any CPU
        Release|Any CPU = Release|Any CPU
    EndGlobalSection
    GlobalSection(ProjectConfigurationPlatforms) = postSolution
        {03e0e4c6-b3c4-4246-8ac5-51900c82860d}.Debug|Any CPU.ActiveCfg = Debug|Any CPU
        {03e0e4c6-b3c4-4246-8ac5-51900c82860d}.Debug|Any CPU.Build.0 = Debug|Any CPU
        {03e0e4c6-b3c4-4246-8ac5-51900c82860d}.Release|Any CPU.ActiveCfg = Release|Any CPU
        {03e0e4c6-b3c4-4246-8ac5-51900c82860d}.Release|Any CPU.Build.0 = Release|Any CPU
        {96f2bd1b-d59e-4556-b7e5-eadafdc4ec7b}.Debug|Any CPU.ActiveCfg = Debug|Any CPU
        {96f2bd1b-d59e-4556-b7e5-eadafdc4ec7b}.Debug|Any CPU.Build.0 = Debug|Any CPU
        {96f2bd1b-d59e-4556-b7e5-eadafdc4ec7b}.Release|Any CPU.ActiveCfg = Release|Any CPU
        {96f2bd1b-d59e-4556-b7e5-eadafdc4ec7b}.Release|Any CPU.Build.0 = Release|Any CPU
    EndGlobalSection
    GlobalSection(SolutionProperties) = preSolution
        HideSolutionNode = FALSE
    EndGlobalSection
EndGlobal
